
Microsoft Visual Studio Solution File, Format Version 12.00
# Visual Studio Version 17
VisualStudioVersion = 17.8.34601.278
MinimumVisualStudioVersion = 15.0.26124.0
Project("{9A19103F-16F7-4668-BE54-9A1E7A4F7556}") = "IL2CXX", "IL2CXX\IL2CXX.csproj", "{EFF240D4-1CF7-43DF-B29C-967C9558EDBF}"
EndProject
Project("{9A19103F-16F7-4668-BE54-9A1E7A4F7556}") = "IL2CXX.Tests", "IL2CXX.Tests\IL2CXX.Tests.csproj", "{DE749E68-726E-43AF-B6A1-CF278CBA3680}"
EndProject
Project("{9A19103F-16F7-4668-BE54-9A1E7A4F7556}") = "IL2CXX.Console", "IL2CXX.Console\IL2CXX.Console.csproj", "{5A61151C-67CB-40BA-949C-29E8250E4D9A}"
EndProject
Global
	GlobalSection(SolutionConfigurationPlatforms) = preSolution
		Debug|Any CPU = Debug|Any CPU
		Debug|x64 = Debug|x64
		Debug|x86 = Debug|x86
		Release|Any CPU = Release|Any CPU
		Release|x64 = Release|x64
		Release|x86 = Release|x86
	EndGlobalSection
	GlobalSection(ProjectConfigurationPlatforms) = postSolution
		{EFF240D4-1CF7-43DF-B29C-967C9558EDBF}.Debug|Any CPU.ActiveCfg = Debug|Any CPU
		{EFF240D4-1CF7-43DF-B29C-967C9558EDBF}.Debug|Any CPU.Build.0 = Debug|Any CPU
		{EFF240D4-1CF7-43DF-B29C-967C9558EDBF}.Debug|x64.ActiveCfg = Debug|Any CPU
		{EFF240D4-1CF7-43DF-B29C-967C9558EDBF}.Debug|x64.Build.0 = Debug|Any CPU
		{EFF240D4-1CF7-43DF-B29C-967C9558EDBF}.Debug|x86.ActiveCfg = Debug|Any CPU
		{EFF240D4-1CF7-43DF-B29C-967C9558EDBF}.Debug|x86.Build.0 = Debug|Any CPU
		{EFF240D4-1CF7-43DF-B29C-967C9558EDBF}.Release|Any CPU.ActiveCfg = Release|Any CPU
		{EFF240D4-1CF7-43DF-B29C-967C9558EDBF}.Release|Any CPU.Build.0 = Release|Any CPU
		{EFF240D4-1CF7-43DF-B29C-967C9558EDBF}.Release|x64.ActiveCfg = Release|Any CPU
		{EFF240D4-1CF7-43DF-B29C-967C9558EDBF}.Release|x64.Build.0 = Release|Any CPU
		{EFF240D4-1CF7-43DF-B29C-967C9558EDBF}.Release|x86.ActiveCfg = Release|Any CPU
		{EFF240D4-1CF7-43DF-B29C-967C9558EDBF}.Release|x86.Build.0 = Release|Any CPU
		{DE749E68-726E-43AF-B6A1-CF278CBA3680}.Debug|Any CPU.ActiveCfg = Debug|Any CPU
		{DE749E68-726E-43AF-B6A1-CF278CBA3680}.Debug|Any CPU.Build.0 = Debug|Any CPU
		{DE749E68-726E-43AF-B6A1-CF278CBA3680}.Debug|x64.ActiveCfg = Debug|Any CPU
		{DE749E68-726E-43AF-B6A1-CF278CBA3680}.Debug|x64.Build.0 = Debug|Any CPU
		{DE749E68-726E-43AF-B6A1-CF278CBA3680}.Debug|x86.ActiveCfg = Debug|Any CPU
		{DE749E68-726E-43AF-B6A1-CF278CBA3680}.Debug|x86.Build.0 = Debug|Any CPU
		{DE749E68-726E-43AF-B6A1-CF278CBA3680}.Release|Any CPU.ActiveCfg = Release|Any CPU
		{DE749E68-726E-43AF-B6A1-CF278CBA3680}.Release|Any CPU.Build.0 = Release|Any CPU
		{DE749E68-726E-43AF-B6A1-CF278CBA3680}.Release|x64.ActiveCfg = Release|Any CPU
		{DE749E68-726E-43AF-B6A1-CF278CBA3680}.Release|x64.Build.0 = Release|Any CPU
		{DE749E68-726E-43AF-B6A1-CF278CBA3680}.Release|x86.ActiveCfg = Release|Any CPU
		{DE749E68-726E-43AF-B6A1-CF278CBA3680}.Release|x86.Build.0 = Release|Any CPU
		{5A61151C-67CB-40BA-949C-29E8250E4D9A}.Debug|Any CPU.ActiveCfg = Debug|Any CPU
		{5A61151C-67CB-40BA-949C-29E8250E4D9A}.Debug|Any CPU.Build.0 = Debug|Any CPU
		{5A61151C-67CB-40BA-949C-29E8250E4D9A}.Debug|x64.ActiveCfg = Debug|Any CPU
		{5A61151C-67CB-40BA-949C-29E8250E4D9A}.Debug|x64.Build.0 = Debug|Any CPU
		{5A61151C-67CB-40BA-949C-29E8250E4D9A}.Debug|x86.ActiveCfg = Debug|Any CPU
		{5A61151C-67CB-40BA-949C-29E8250E4D9A}.Debug|x86.Build.0 = Debug|Any CPU
		{5A61151C-67CB-40BA-949C-29E8250E4D9A}.Release|Any CPU.ActiveCfg = Release|Any CPU
		{5A61151C-67CB-40BA-949C-29E8250E4D9A}.Release|Any CPU.Build.0 = Release|Any CPU
		{5A61151C-67CB-40BA-949C-29E8250E4D9A}.Release|x64.ActiveCfg = Release|Any CPU
		{5A61151C-67CB-40BA-949C-29E8250E4D9A}.Release|x64.Build.0 = Release|Any CPU
		{5A61151C-67CB-40BA-949C-29E8250E4D9A}.Release|x86.ActiveCfg = Release|Any CPU
		{5A61151C-67CB-40BA-949C-29E8250E4D9A}.Release|x86.Build.0 = Release|Any CPU
	EndGlobalSection
	GlobalSection(SolutionProperties) = preSolution
		HideSolutionNode = FALSE
	EndGlobalSection
	GlobalSection(ExtensibilityGlobals) = postSolution
		SolutionGuid = {32A2775F-D1BC-47A7-B312-C7324AF6BA6D}
	EndGlobalSection
EndGlobal
