
Microsoft Visual Studio Solution File, Format Version 12.00
# Visual Studio 15
VisualStudioVersion = 15.0.26124.0
MinimumVisualStudioVersion = 15.0.26124.0
Project("{FAE04EC0-301F-11D3-BF4B-00C04F79EFBC}") = "IL2CXX", "IL2CXX\IL2CXX.csproj", "{EFF240D4-1CF7-43DF-B29C-967C9558EDBF}"
EndProject
Project("{FAE04EC0-301F-11D3-BF4B-00C04F79EFBC}") = "IL2CXX.Console", "IL2CXX.Console\IL2CXX.Console.csproj", "{F5C0DC69-FF1E-41EE-B00E-DA8B092290ED}"
EndProject
Project("{FAE04EC0-301F-11D3-BF4B-00C04F79EFBC}") = "IL2CXX.Tests", "IL2CXX.Tests\IL2CXX.Tests.csproj", "{DE749E68-726E-43AF-B6A1-CF278CBA3680}"
EndProject
Global
	GlobalSection(SolutionConfigurationPlatforms) = preSolution
		Debug|Any CPU = Debug|Any CPU
		Debug|x64 = Debug|x64
		Debug|x86 = Debug|x86
		Release|Any CPU = Release|Any CPU
		Release|x64 = Release|x64
		Release|x86 = Release|x86
	EndGlobalSection
	GlobalSection(SolutionProperties) = preSolution
		HideSolutionNode = FALSE
	EndGlobalSection
	GlobalSection(ProjectConfigurationPlatforms) = postSolution
		{EFF240D4-1CF7-43DF-B29C-967C9558EDBF}.Debug|Any CPU.ActiveCfg = Debug|Any CPU
		{EFF240D4-1CF7-43DF-B29C-967C9558EDBF}.Debug|Any CPU.Build.0 = Debug|Any CPU
		{EFF240D4-1CF7-43DF-B29C-967C9558EDBF}.Debug|x64.ActiveCfg = Debug|Any CPU
		{EFF240D4-1CF7-43DF-B29C-967C9558EDBF}.Debug|x64.Build.0 = Debug|Any CPU
		{EFF240D4-1CF7-43DF-B29C-967C9558EDBF}.Debug|x86.ActiveCfg = Debug|Any CPU
		{EFF240D4-1CF7-43DF-B29C-967C9558EDBF}.Debug|x86.Build.0 = Debug|Any CPU
		{EFF240D4-1CF7-43DF-B29C-967C9558EDBF}.Release|Any CPU.ActiveCfg = Release|Any CPU
		{EFF240D4-1CF7-43DF-B29C-967C9558EDBF}.Release|Any CPU.Build.0 = Release|Any CPU
		{EFF240D4-1CF7-43DF-B29C-967C9558EDBF}.Release|x64.ActiveCfg = Release|Any CPU
		{EFF240D4-1CF7-43DF-B29C-967C9558EDBF}.Release|x64.Build.0 = Release|Any CPU
		{EFF240D4-1CF7-43DF-B29C-967C9558EDBF}.Release|x86.ActiveCfg = Release|Any CPU
		{EFF240D4-1CF7-43DF-B29C-967C9558EDBF}.Release|x86.Build.0 = Release|Any CPU
		{F5C0DC69-FF1E-41EE-B00E-DA8B092290ED}.Debug|Any CPU.ActiveCfg = Debug|Any CPU
		{F5C0DC69-FF1E-41EE-B00E-DA8B092290ED}.Debug|Any CPU.Build.0 = Debug|Any CPU
		{F5C0DC69-FF1E-41EE-B00E-DA8B092290ED}.Debug|x64.ActiveCfg = Debug|Any CPU
		{F5C0DC69-FF1E-41EE-B00E-DA8B092290ED}.Debug|x64.Build.0 = Debug|Any CPU
		{F5C0DC69-FF1E-41EE-B00E-DA8B092290ED}.Debug|x86.ActiveCfg = Debug|Any CPU
		{F5C0DC69-FF1E-41EE-B00E-DA8B092290ED}.Debug|x86.Build.0 = Debug|Any CPU
		{F5C0DC69-FF1E-41EE-B00E-DA8B092290ED}.Release|Any CPU.ActiveCfg = Release|Any CPU
		{F5C0DC69-FF1E-41EE-B00E-DA8B092290ED}.Release|Any CPU.Build.0 = Release|Any CPU
		{F5C0DC69-FF1E-41EE-B00E-DA8B092290ED}.Release|x64.ActiveCfg = Release|Any CPU
		{F5C0DC69-FF1E-41EE-B00E-DA8B092290ED}.Release|x64.Build.0 = Release|Any CPU
		{F5C0DC69-FF1E-41EE-B00E-DA8B092290ED}.Release|x86.ActiveCfg = Release|Any CPU
		{F5C0DC69-FF1E-41EE-B00E-DA8B092290ED}.Release|x86.Build.0 = Release|Any CPU
		{DE749E68-726E-43AF-B6A1-CF278CBA3680}.Debug|Any CPU.ActiveCfg = Debug|Any CPU
		{DE749E68-726E-43AF-B6A1-CF278CBA3680}.Debug|Any CPU.Build.0 = Debug|Any CPU
		{DE749E68-726E-43AF-B6A1-CF278CBA3680}.Debug|x64.ActiveCfg = Debug|Any CPU
		{DE749E68-726E-43AF-B6A1-CF278CBA3680}.Debug|x64.Build.0 = Debug|Any CPU
		{DE749E68-726E-43AF-B6A1-CF278CBA3680}.Debug|x86.ActiveCfg = Debug|Any CPU
		{DE749E68-726E-43AF-B6A1-CF278CBA3680}.Debug|x86.Build.0 = Debug|Any CPU
		{DE749E68-726E-43AF-B6A1-CF278CBA3680}.Release|Any CPU.ActiveCfg = Release|Any CPU
		{DE749E68-726E-43AF-B6A1-CF278CBA3680}.Release|Any CPU.Build.0 = Release|Any CPU
		{DE749E68-726E-43AF-B6A1-CF278CBA3680}.Release|x64.ActiveCfg = Release|Any CPU
		{DE749E68-726E-43AF-B6A1-CF278CBA3680}.Release|x64.Build.0 = Release|Any CPU
		{DE749E68-726E-43AF-B6A1-CF278CBA3680}.Release|x86.ActiveCfg = Release|Any CPU
		{DE749E68-726E-43AF-B6A1-CF278CBA3680}.Release|x86.Build.0 = Release|Any CPU
	EndGlobalSection
EndGlobal
